
Microsoft Visual Studio Solution File, Format Version 12.00
# Visual Studio Version 16
VisualStudioVersion = 16.0.30816.48
MinimumVisualStudioVersion = 10.0.40219.1
Project("{FAE04EC0-301F-11D3-BF4B-00C04F79EFBC}") = "HelloWorld", "HelloWorld\HelloWorld.csproj", "{8C05E010-9988-493E-A846-4BD9CD473781}"
EndProject
Global
	GlobalSection(SolutionConfigurationPlatforms) = preSolution
		Debug|Any CPU = Debug|Any CPU
		Release|Any CPU = Release|Any CPU
	EndGlobalSection
	GlobalSection(ProjectConfigurationPlatforms) = postSolution
		{8C05E010-9988-493E-A846-4BD9CD473781}.Debug|Any CPU.ActiveCfg = Debug|Any CPU
		{8C05E010-9988-493E-A846-4BD9CD473781}.Debug|Any CPU.Build.0 = Debug|Any CPU
		{8C05E010-9988-493E-A846-4BD9CD473781}.Release|Any CPU.ActiveCfg = Release|Any CPU
		{8C05E010-9988-493E-A846-4BD9CD473781}.Release|Any CPU.Build.0 = Release|Any CPU
	EndGlobalSection
	GlobalSection(SolutionProperties) = preSolution
		HideSolutionNode = FALSE
	EndGlobalSection
	GlobalSection(ExtensibilityGlobals) = postSolution
		SolutionGuid = {723DB594-492D-4829-82AB-99FE6BC9B28E}
	EndGlobalSection
EndGlobal
